
Microsoft Visual Studio Solution File, Format Version 12.00
# Visual Studio Version 17
VisualStudioVersion = 17.4.33213.308
MinimumVisualStudioVersion = 10.0.40219.1
Project("{FAE04EC0-301F-11D3-BF4B-00C04F79EFBC}") = "OrderingService.Api", "OrderingService\OrderingService.Api.csproj", "{C9AD8049-D49A-440A-90BA-7B44FB678007}"
EndProject
Project("{FAE04EC0-301F-11D3-BF4B-00C04F79EFBC}") = "OrderingService.Dal", "OrderingService.Dal\OrderingService.Dal.csproj", "{D9789B1A-60D7-4A11-97E0-43BF4D897ED9}"
EndProject
Project("{FAE04EC0-301F-11D3-BF4B-00C04F79EFBC}") = "OrderingService.Domain", "OrderingService.Domain\OrderingService.Domain.csproj", "{B95C7D85-A22A-4236-8F44-82DF7AF17A50}"
EndProject
Project("{2150E333-8FDC-42A3-9474-1A3956D46DE8}") = "Элементы решения", "Элементы решения", "{901AF755-3BD2-4A95-9B38-E848D4597E4E}"
	ProjectSection(SolutionItems) = preProject
		.gitignore = .gitignore
	EndProjectSection
EndProject
Global
	GlobalSection(SolutionConfigurationPlatforms) = preSolution
		Debug|Any CPU = Debug|Any CPU
		Release|Any CPU = Release|Any CPU
	EndGlobalSection
	GlobalSection(ProjectConfigurationPlatforms) = postSolution
		{C9AD8049-D49A-440A-90BA-7B44FB678007}.Debug|Any CPU.ActiveCfg = Debug|Any CPU
		{C9AD8049-D49A-440A-90BA-7B44FB678007}.Debug|Any CPU.Build.0 = Debug|Any CPU
		{C9AD8049-D49A-440A-90BA-7B44FB678007}.Release|Any CPU.ActiveCfg = Release|Any CPU
		{C9AD8049-D49A-440A-90BA-7B44FB678007}.Release|Any CPU.Build.0 = Release|Any CPU
		{D9789B1A-60D7-4A11-97E0-43BF4D897ED9}.Debug|Any CPU.ActiveCfg = Debug|Any CPU
		{D9789B1A-60D7-4A11-97E0-43BF4D897ED9}.Debug|Any CPU.Build.0 = Debug|Any CPU
		{D9789B1A-60D7-4A11-97E0-43BF4D897ED9}.Release|Any CPU.ActiveCfg = Release|Any CPU
		{D9789B1A-60D7-4A11-97E0-43BF4D897ED9}.Release|Any CPU.Build.0 = Release|Any CPU
		{B95C7D85-A22A-4236-8F44-82DF7AF17A50}.Debug|Any CPU.ActiveCfg = Debug|Any CPU
		{B95C7D85-A22A-4236-8F44-82DF7AF17A50}.Debug|Any CPU.Build.0 = Debug|Any CPU
		{B95C7D85-A22A-4236-8F44-82DF7AF17A50}.Release|Any CPU.ActiveCfg = Release|Any CPU
		{B95C7D85-A22A-4236-8F44-82DF7AF17A50}.Release|Any CPU.Build.0 = Release|Any CPU
	EndGlobalSection
	GlobalSection(SolutionProperties) = preSolution
		HideSolutionNode = FALSE
	EndGlobalSection
	GlobalSection(ExtensibilityGlobals) = postSolution
		SolutionGuid = {652570FF-7229-4C94-B2ED-78BA733FBAF8}
	EndGlobalSection
EndGlobal
